
Microsoft Visual Studio Solution File, Format Version 12.00
# Visual Studio Version 17
VisualStudioVersion = 17.5.2.0
MinimumVisualStudioVersion = 10.0.40219.1
Project("{FAE04EC0-301F-11D3-BF4B-00C04F79EFBC}") = "AgentApp", "AgentApp.csproj", "{4E0B99C8-A83C-A0F3-A354-579B9C2C7FE9}"
EndProject
Project("{FAE04EC0-301F-11D3-BF4B-00C04F79EFBC}") = "AgentApp.PlaywrightTests", "AgentApp.PlaywrightTests\AgentApp.PlaywrightTests.csproj", "{F3447CE9-177D-41D0-BCFC-C8312F98A184}"
EndProject
Global
	GlobalSection(SolutionConfigurationPlatforms) = preSolution
		Debug|Any CPU = Debug|Any CPU
		Debug|x64 = Debug|x64
		Debug|x86 = Debug|x86
		Release|Any CPU = Release|Any CPU
		Release|x64 = Release|x64
		Release|x86 = Release|x86
	EndGlobalSection
	GlobalSection(ProjectConfigurationPlatforms) = postSolution
		{4E0B99C8-A83C-A0F3-A354-579B9C2C7FE9}.Debug|Any CPU.ActiveCfg = Debug|Any CPU
		{4E0B99C8-A83C-A0F3-A354-579B9C2C7FE9}.Debug|Any CPU.Build.0 = Debug|Any CPU
		{4E0B99C8-A83C-A0F3-A354-579B9C2C7FE9}.Debug|x64.ActiveCfg = Debug|Any CPU
		{4E0B99C8-A83C-A0F3-A354-579B9C2C7FE9}.Debug|x64.Build.0 = Debug|Any CPU
		{4E0B99C8-A83C-A0F3-A354-579B9C2C7FE9}.Debug|x86.ActiveCfg = Debug|Any CPU
		{4E0B99C8-A83C-A0F3-A354-579B9C2C7FE9}.Debug|x86.Build.0 = Debug|Any CPU
		{4E0B99C8-A83C-A0F3-A354-579B9C2C7FE9}.Release|Any CPU.ActiveCfg = Release|Any CPU
		{4E0B99C8-A83C-A0F3-A354-579B9C2C7FE9}.Release|Any CPU.Build.0 = Release|Any CPU
		{4E0B99C8-A83C-A0F3-A354-579B9C2C7FE9}.Release|x64.ActiveCfg = Release|Any CPU
		{4E0B99C8-A83C-A0F3-A354-579B9C2C7FE9}.Release|x64.Build.0 = Release|Any CPU
		{4E0B99C8-A83C-A0F3-A354-579B9C2C7FE9}.Release|x86.ActiveCfg = Release|Any CPU
		{4E0B99C8-A83C-A0F3-A354-579B9C2C7FE9}.Release|x86.Build.0 = Release|Any CPU
		{F3447CE9-177D-41D0-BCFC-C8312F98A184}.Debug|Any CPU.ActiveCfg = Debug|Any CPU
		{F3447CE9-177D-41D0-BCFC-C8312F98A184}.Debug|Any CPU.Build.0 = Debug|Any CPU
		{F3447CE9-177D-41D0-BCFC-C8312F98A184}.Debug|x64.ActiveCfg = Debug|Any CPU
		{F3447CE9-177D-41D0-BCFC-C8312F98A184}.Debug|x64.Build.0 = Debug|Any CPU
		{F3447CE9-177D-41D0-BCFC-C8312F98A184}.Debug|x86.ActiveCfg = Debug|Any CPU
		{F3447CE9-177D-41D0-BCFC-C8312F98A184}.Debug|x86.Build.0 = Debug|Any CPU
		{F3447CE9-177D-41D0-BCFC-C8312F98A184}.Release|Any CPU.ActiveCfg = Release|Any CPU
		{F3447CE9-177D-41D0-BCFC-C8312F98A184}.Release|Any CPU.Build.0 = Release|Any CPU
		{F3447CE9-177D-41D0-BCFC-C8312F98A184}.Release|x64.ActiveCfg = Release|Any CPU
		{F3447CE9-177D-41D0-BCFC-C8312F98A184}.Release|x64.Build.0 = Release|Any CPU
		{F3447CE9-177D-41D0-BCFC-C8312F98A184}.Release|x86.ActiveCfg = Release|Any CPU
		{F3447CE9-177D-41D0-BCFC-C8312F98A184}.Release|x86.Build.0 = Release|Any CPU
	EndGlobalSection
	GlobalSection(SolutionProperties) = preSolution
		HideSolutionNode = FALSE
	EndGlobalSection
	GlobalSection(ExtensibilityGlobals) = postSolution
		SolutionGuid = {E9CC2D26-95F6-4036-8ABA-73818A56D22D}
	EndGlobalSection
EndGlobal
